# THIS IS AN AUTOGENERATED FILE. DO NOT EDIT THIS FILE DIRECTLY.
# yarn lockfile v1


"@rails/ujs@^6.0.2-1":
  version "6.0.2-1"
  resolved "https://registry.yarnpkg.com/@rails/ujs/-/ujs-6.0.2-1.tgz#1273f773bc98832371cb09aab619d6120e794b39"
  integrity sha512-H1yMA4/M8Vdie/TgyNiOkUdFly3g9HGSbnVPl7kiRVnGMZuT/APnCNyvgYWBQbTtYDYB9rrZAAgghxtt1ABDIA==
